
Microsoft Visual Studio Solution File, Format Version 12.00
# Visual Studio Version 17
VisualStudioVersion = 17.5.33530.505
MinimumVisualStudioVersion = 10.0.40219.1
Project("{2150E333-8FDC-42A3-9474-1A3956D46DE8}") = "API", "API", "{1403833F-0517-4294-B8D0-47B66D4AF178}"
EndProject
Project("{9A19103F-16F7-4668-BE54-9A1E7A4F7556}") = "GestaoTurma.API", "GestaoTurma.API\GestaoTurma.API.csproj", "{A4CCC707-E41E-4C3A-A471-023EBF518D4D}"
EndProject
Project("{2150E333-8FDC-42A3-9474-1A3956D46DE8}") = "WEB", "WEB", "{9F8F7195-129E-4A98-BE82-E62B0F73E7B2}"
EndProject
Project("{9A19103F-16F7-4668-BE54-9A1E7A4F7556}") = "GestaoDeTurmas.WEB", "GestaoDeTurmas.WEB\GestaoDeTurmas.WEB.csproj", "{E2D45BE1-5B7D-4B85-80BB-E6BBBD056656}"
EndProject
Project("{2150E333-8FDC-42A3-9474-1A3956D46DE8}") = "ScriptBanco", "ScriptBanco", "{7911D1FD-934A-43EF-929E-B3C4EB9186A0}"
	ProjectSection(SolutionItems) = preProject
		..\..\Downloads\script.sql = ..\..\Downloads\script.sql
	EndProjectSection
EndProject
Global
	GlobalSection(SolutionConfigurationPlatforms) = preSolution
		Debug|Any CPU = Debug|Any CPU
		Release|Any CPU = Release|Any CPU
	EndGlobalSection
	GlobalSection(ProjectConfigurationPlatforms) = postSolution
		{A4CCC707-E41E-4C3A-A471-023EBF518D4D}.Debug|Any CPU.ActiveCfg = Debug|Any CPU
		{A4CCC707-E41E-4C3A-A471-023EBF518D4D}.Debug|Any CPU.Build.0 = Debug|Any CPU
		{A4CCC707-E41E-4C3A-A471-023EBF518D4D}.Release|Any CPU.ActiveCfg = Release|Any CPU
		{A4CCC707-E41E-4C3A-A471-023EBF518D4D}.Release|Any CPU.Build.0 = Release|Any CPU
		{E2D45BE1-5B7D-4B85-80BB-E6BBBD056656}.Debug|Any CPU.ActiveCfg = Debug|Any CPU
		{E2D45BE1-5B7D-4B85-80BB-E6BBBD056656}.Debug|Any CPU.Build.0 = Debug|Any CPU
		{E2D45BE1-5B7D-4B85-80BB-E6BBBD056656}.Release|Any CPU.ActiveCfg = Release|Any CPU
		{E2D45BE1-5B7D-4B85-80BB-E6BBBD056656}.Release|Any CPU.Build.0 = Release|Any CPU
	EndGlobalSection
	GlobalSection(SolutionProperties) = preSolution
		HideSolutionNode = FALSE
	EndGlobalSection
	GlobalSection(NestedProjects) = preSolution
		{A4CCC707-E41E-4C3A-A471-023EBF518D4D} = {1403833F-0517-4294-B8D0-47B66D4AF178}
		{E2D45BE1-5B7D-4B85-80BB-E6BBBD056656} = {9F8F7195-129E-4A98-BE82-E62B0F73E7B2}
		{7911D1FD-934A-43EF-929E-B3C4EB9186A0} = {1403833F-0517-4294-B8D0-47B66D4AF178}
	EndGlobalSection
	GlobalSection(ExtensibilityGlobals) = postSolution
		SolutionGuid = {FC878AFC-CFA9-45C7-9F1D-BF8408157748}
	EndGlobalSection
EndGlobal
